// !$*UTF8*$!
{
	archiveVersion = 1;
	classes = {
	};
	objectVersion = 55;
	objects = {

/* Begin PBXBuildFile section */
		8C2C40FC8716822E604A697F /* Pods_InBooks.framework in Frameworks */ = {isa = PBXBuildFile; fileRef = BC384B98D47A72D65B0CBEC3 /* Pods_InBooks.framework */; };
		94C7AA3BBE5BE2C9D0A0C061 /* Pods_InBooksTests.framework in Frameworks */ = {isa = PBXBuildFile; fileRef = 7C57DDE3F4401649866ECA30 /* Pods_InBooksTests.framework */; };
		F819CFB6282AB11D004D757A /* HomeViewController.swift in Sources */ = {isa = PBXBuildFile; fileRef = F819CFB5282AB11D004D757A /* HomeViewController.swift */; };
		F819CFB8282AB12A004D757A /* HomeView.swift in Sources */ = {isa = PBXBuildFile; fileRef = F819CFB7282AB12A004D757A /* HomeView.swift */; };
		F819CFBA282AB133004D757A /* HomeViewModel.swift in Sources */ = {isa = PBXBuildFile; fileRef = F819CFB9282AB133004D757A /* HomeViewModel.swift */; };
		F819CFBD282AB224004D757A /* LibraryView.swift in Sources */ = {isa = PBXBuildFile; fileRef = F819CFBC282AB224004D757A /* LibraryView.swift */; };
		F819CFBF282AB235004D757A /* LibraryViewController.swift in Sources */ = {isa = PBXBuildFile; fileRef = F819CFBE282AB235004D757A /* LibraryViewController.swift */; };
		F819CFC1282AB242004D757A /* LibraryViewModel.swift in Sources */ = {isa = PBXBuildFile; fileRef = F819CFC0282AB242004D757A /* LibraryViewModel.swift */; };
		F819CFC3282AB2E5004D757A /* TabBarController.swift in Sources */ = {isa = PBXBuildFile; fileRef = F819CFC2282AB2E5004D757A /* TabBarController.swift */; };
		F82B12C4282B387500C6C772 /* BooksService.swift in Sources */ = {isa = PBXBuildFile; fileRef = F82B12C3282B387500C6C772 /* BooksService.swift */; };
		F82B12CC282B40C800C6C772 /* ApiResponse.swift in Sources */ = {isa = PBXBuildFile; fileRef = F82B12CB282B40C800C6C772 /* ApiResponse.swift */; };
		F82B12CE282B40EF00C6C772 /* Book.swift in Sources */ = {isa = PBXBuildFile; fileRef = F82B12CD282B40EF00C6C772 /* Book.swift */; };
		F832D035282DD42900A5981E /* UIImageView+Extensions.swift in Sources */ = {isa = PBXBuildFile; fileRef = F832D034282DD42900A5981E /* UIImageView+Extensions.swift */; };
		F832D037282DD9EF00A5981E /* UIViewController+Extensions.swift in Sources */ = {isa = PBXBuildFile; fileRef = F832D036282DD9EF00A5981E /* UIViewController+Extensions.swift */; };
		F832D039282DDA7900A5981E /* ManagedObjectContext.swift in Sources */ = {isa = PBXBuildFile; fileRef = F832D038282DDA7900A5981E /* ManagedObjectContext.swift */; };
		F832D03B282DDAF800A5981E /* SimpleBook.swift in Sources */ = {isa = PBXBuildFile; fileRef = F832D03A282DDAF800A5981E /* SimpleBook.swift */; };
		F832D03D282DE15800A5981E /* BookCollectionViewCell.swift in Sources */ = {isa = PBXBuildFile; fileRef = F832D03C282DE15800A5981E /* BookCollectionViewCell.swift */; };
		F8541408282D2DF0002C2C71 /* MultiStateViewController.swift in Sources */ = {isa = PBXBuildFile; fileRef = F8541407282D2DF0002C2C71 /* MultiStateViewController.swift */; };
		F854140A282D3C71002C2C71 /* ErrorView.swift in Sources */ = {isa = PBXBuildFile; fileRef = F8541409282D3C71002C2C71 /* ErrorView.swift */; };
		F854140C282D3C7D002C2C71 /* EmptyView.swift in Sources */ = {isa = PBXBuildFile; fileRef = F854140B282D3C7D002C2C71 /* EmptyView.swift */; };
		F86D463B282BC8C5002E727F /* Request.swift in Sources */ = {isa = PBXBuildFile; fileRef = F86D463A282BC8C5002E727F /* Request.swift */; };
		F86D463F282BDB5E002E727F /* BooksApiError.swift in Sources */ = {isa = PBXBuildFile; fileRef = F86D463E282BDB5E002E727F /* BooksApiError.swift */; };
		F86D4644282BDEA7002E727F /* HTTPMethod.swift in Sources */ = {isa = PBXBuildFile; fileRef = F86D4643282BDEA7002E727F /* HTTPMethod.swift */; };
		F86D4646282BDEC8002E727F /* URLRequestProtocol.swift in Sources */ = {isa = PBXBuildFile; fileRef = F86D4645282BDEC8002E727F /* URLRequestProtocol.swift */; };
		F86D4648282BE723002E727F /* Environment.swift in Sources */ = {isa = PBXBuildFile; fileRef = F86D4647282BE723002E727F /* Environment.swift */; };
		F86D464A282BE736002E727F /* Constants.swift in Sources */ = {isa = PBXBuildFile; fileRef = F86D4649282BE736002E727F /* Constants.swift */; };
		F86D464D282BECEA002E727F /* Coordinator.swift in Sources */ = {isa = PBXBuildFile; fileRef = F86D464C282BECEA002E727F /* Coordinator.swift */; };
		F86D464F282BECF1002E727F /* AppCoordinator.swift in Sources */ = {isa = PBXBuildFile; fileRef = F86D464E282BECF1002E727F /* AppCoordinator.swift */; };
		F86D4651282BEE75002E727F /* HomeCoordinator.swift in Sources */ = {isa = PBXBuildFile; fileRef = F86D4650282BEE75002E727F /* HomeCoordinator.swift */; };
		F86D4653282BF292002E727F /* BookTableViewCell.swift in Sources */ = {isa = PBXBuildFile; fileRef = F86D4652282BF292002E727F /* BookTableViewCell.swift */; };
		F86D4655282BF37D002E727F /* UITableViewCell+Extensions.swift in Sources */ = {isa = PBXBuildFile; fileRef = F86D4654282BF37D002E727F /* UITableViewCell+Extensions.swift */; };
		F86D4658282BFF34002E727F /* Colors.swift in Sources */ = {isa = PBXBuildFile; fileRef = F86D4657282BFF34002E727F /* Colors.swift */; };
		F86D465B282C0432002E727F /* String+Extensions.swift in Sources */ = {isa = PBXBuildFile; fileRef = F86D465A282C0432002E727F /* String+Extensions.swift */; };
		F86D465D282C05F3002E727F /* HomeManagerDelegate.swift in Sources */ = {isa = PBXBuildFile; fileRef = F86D465C282C05F3002E727F /* HomeManagerDelegate.swift */; };
		F8AAED10282AA47200EA6342 /* AppDelegate.swift in Sources */ = {isa = PBXBuildFile; fileRef = F8AAED0F282AA47200EA6342 /* AppDelegate.swift */; };
		F8AAED12282AA47200EA6342 /* SceneDelegate.swift in Sources */ = {isa = PBXBuildFile; fileRef = F8AAED11282AA47200EA6342 /* SceneDelegate.swift */; };
		F8AAED14282AA47200EA6342 /* ViewController.swift in Sources */ = {isa = PBXBuildFile; fileRef = F8AAED13282AA47200EA6342 /* ViewController.swift */; };
		F8AAED1A282AA47200EA6342 /* InBooks.xcdatamodeld in Sources */ = {isa = PBXBuildFile; fileRef = F8AAED18282AA47200EA6342 /* InBooks.xcdatamodeld */; };
		F8AAED1C282AA47400EA6342 /* Assets.xcassets in Resources */ = {isa = PBXBuildFile; fileRef = F8AAED1B282AA47400EA6342 /* Assets.xcassets */; };
		F8AAED1F282AA47400EA6342 /* LaunchScreen.storyboard in Resources */ = {isa = PBXBuildFile; fileRef = F8AAED1D282AA47400EA6342 /* LaunchScreen.storyboard */; };
		F8AAED2A282AA47400EA6342 /* InBooksTests.swift in Sources */ = {isa = PBXBuildFile; fileRef = F8AAED29282AA47400EA6342 /* InBooksTests.swift */; };
		F8AAED34282AA47400EA6342 /* InBooksUITests.swift in Sources */ = {isa = PBXBuildFile; fileRef = F8AAED33282AA47400EA6342 /* InBooksUITests.swift */; };
		F8AAED36282AA47400EA6342 /* InBooksUITestsLaunchTests.swift in Sources */ = {isa = PBXBuildFile; fileRef = F8AAED35282AA47400EA6342 /* InBooksUITestsLaunchTests.swift */; };
		F8BCC5E2282C6F4600E43B87 /* BookDetailsViewController.swift in Sources */ = {isa = PBXBuildFile; fileRef = F8BCC5E1282C6F4600E43B87 /* BookDetailsViewController.swift */; };
		F8BCC5E5282C721000E43B87 /* ViewStateProtocol.swift in Sources */ = {isa = PBXBuildFile; fileRef = F8BCC5E4282C721000E43B87 /* ViewStateProtocol.swift */; };
		F8F80A89282D5A6F00E308A3 /* BookDetailsView.swift in Sources */ = {isa = PBXBuildFile; fileRef = F8F80A88282D5A6F00E308A3 /* BookDetailsView.swift */; };
		F8F80A8B282D5FBE00E308A3 /* BookDetailsCoordinator.swift in Sources */ = {isa = PBXBuildFile; fileRef = F8F80A8A282D5FBE00E308A3 /* BookDetailsCoordinator.swift */; };
		F8F80A8D282D614D00E308A3 /* LibraryCoordinator.swift in Sources */ = {isa = PBXBuildFile; fileRef = F8F80A8C282D614D00E308A3 /* LibraryCoordinator.swift */; };
		F8F80A91282D6E7800E308A3 /* TextDescriptionTableViewCell.swift in Sources */ = {isa = PBXBuildFile; fileRef = F8F80A90282D6E7800E308A3 /* TextDescriptionTableViewCell.swift */; };
		F8F80A93282D736300E308A3 /* TextDescriptionElement.swift in Sources */ = {isa = PBXBuildFile; fileRef = F8F80A92282D736300E308A3 /* TextDescriptionElement.swift */; };
		F8F80A95282D76E600E308A3 /* BookDetailsViewModel.swift in Sources */ = {isa = PBXBuildFile; fileRef = F8F80A94282D76E600E308A3 /* BookDetailsViewModel.swift */; };
		FAAE743BA2948794DB2FCE06 /* Pods_InBooks_InBooksUITests.framework in Frameworks */ = {isa = PBXBuildFile; fileRef = BBEF1E9254197AACB19874F7 /* Pods_InBooks_InBooksUITests.framework */; };
/* End PBXBuildFile section */

/* Begin PBXContainerItemProxy section */
		F8AAED26282AA47400EA6342 /* PBXContainerItemProxy */ = {
			isa = PBXContainerItemProxy;
			containerPortal = F8AAED04282AA47200EA6342 /* Project object */;
			proxyType = 1;
			remoteGlobalIDString = F8AAED0B282AA47200EA6342;
			remoteInfo = InBooks;
		};
		F8AAED30282AA47400EA6342 /* PBXContainerItemProxy */ = {
			isa = PBXContainerItemProxy;
			containerPortal = F8AAED04282AA47200EA6342 /* Project object */;
			proxyType = 1;
			remoteGlobalIDString = F8AAED0B282AA47200EA6342;
			remoteInfo = InBooks;
		};
/* End PBXContainerItemProxy section */

/* Begin PBXFileReference section */
		0B37BDFF237116271A3D79EC /* Pods-InBooks.debug.xcconfig */ = {isa = PBXFileReference; includeInIndex = 1; lastKnownFileType = text.xcconfig; name = "Pods-InBooks.debug.xcconfig"; path = "Target Support Files/Pods-InBooks/Pods-InBooks.debug.xcconfig"; sourceTree = "<group>"; };
		28579C64D79D53A092A30F7B /* Pods-InBooksTests.release.xcconfig */ = {isa = PBXFileReference; includeInIndex = 1; lastKnownFileType = text.xcconfig; name = "Pods-InBooksTests.release.xcconfig"; path = "Target Support Files/Pods-InBooksTests/Pods-InBooksTests.release.xcconfig"; sourceTree = "<group>"; };
		7C57DDE3F4401649866ECA30 /* Pods_InBooksTests.framework */ = {isa = PBXFileReference; explicitFileType = wrapper.framework; includeInIndex = 0; path = Pods_InBooksTests.framework; sourceTree = BUILT_PRODUCTS_DIR; };
		96D77D67BAA475F2E51A439F /* Pods-InBooksTests.debug.xcconfig */ = {isa = PBXFileReference; includeInIndex = 1; lastKnownFileType = text.xcconfig; name = "Pods-InBooksTests.debug.xcconfig"; path = "Target Support Files/Pods-InBooksTests/Pods-InBooksTests.debug.xcconfig"; sourceTree = "<group>"; };
		9B310E0D23AE9DAE0C08AF19 /* Pods-InBooks-InBooksUITests.debug.xcconfig */ = {isa = PBXFileReference; includeInIndex = 1; lastKnownFileType = text.xcconfig; name = "Pods-InBooks-InBooksUITests.debug.xcconfig"; path = "Target Support Files/Pods-InBooks-InBooksUITests/Pods-InBooks-InBooksUITests.debug.xcconfig"; sourceTree = "<group>"; };
		BBEF1E9254197AACB19874F7 /* Pods_InBooks_InBooksUITests.framework */ = {isa = PBXFileReference; explicitFileType = wrapper.framework; includeInIndex = 0; path = Pods_InBooks_InBooksUITests.framework; sourceTree = BUILT_PRODUCTS_DIR; };
		BC384B98D47A72D65B0CBEC3 /* Pods_InBooks.framework */ = {isa = PBXFileReference; explicitFileType = wrapper.framework; includeInIndex = 0; path = Pods_InBooks.framework; sourceTree = BUILT_PRODUCTS_DIR; };
		F3B5ED9316472C63A61A840E /* Pods-InBooks-InBooksUITests.release.xcconfig */ = {isa = PBXFileReference; includeInIndex = 1; lastKnownFileType = text.xcconfig; name = "Pods-InBooks-InBooksUITests.release.xcconfig"; path = "Target Support Files/Pods-InBooks-InBooksUITests/Pods-InBooks-InBooksUITests.release.xcconfig"; sourceTree = "<group>"; };
		F75BC3DA810710954AACBF89 /* Pods-InBooks.release.xcconfig */ = {isa = PBXFileReference; includeInIndex = 1; lastKnownFileType = text.xcconfig; name = "Pods-InBooks.release.xcconfig"; path = "Target Support Files/Pods-InBooks/Pods-InBooks.release.xcconfig"; sourceTree = "<group>"; };
		F819CFB5282AB11D004D757A /* HomeViewController.swift */ = {isa = PBXFileReference; lastKnownFileType = sourcecode.swift; path = HomeViewController.swift; sourceTree = "<group>"; };
		F819CFB7282AB12A004D757A /* HomeView.swift */ = {isa = PBXFileReference; lastKnownFileType = sourcecode.swift; path = HomeView.swift; sourceTree = "<group>"; };
		F819CFB9282AB133004D757A /* HomeViewModel.swift */ = {isa = PBXFileReference; lastKnownFileType = sourcecode.swift; path = HomeViewModel.swift; sourceTree = "<group>"; };
		F819CFBC282AB224004D757A /* LibraryView.swift */ = {isa = PBXFileReference; lastKnownFileType = sourcecode.swift; path = LibraryView.swift; sourceTree = "<group>"; };
		F819CFBE282AB235004D757A /* LibraryViewController.swift */ = {isa = PBXFileReference; lastKnownFileType = sourcecode.swift; path = LibraryViewController.swift; sourceTree = "<group>"; };
		F819CFC0282AB242004D757A /* LibraryViewModel.swift */ = {isa = PBXFileReference; lastKnownFileType = sourcecode.swift; path = LibraryViewModel.swift; sourceTree = "<group>"; };
		F819CFC2282AB2E5004D757A /* TabBarController.swift */ = {isa = PBXFileReference; lastKnownFileType = sourcecode.swift; path = TabBarController.swift; sourceTree = "<group>"; };
		F82B12C3282B387500C6C772 /* BooksService.swift */ = {isa = PBXFileReference; lastKnownFileType = sourcecode.swift; path = BooksService.swift; sourceTree = "<group>"; };
		F82B12CB282B40C800C6C772 /* ApiResponse.swift */ = {isa = PBXFileReference; lastKnownFileType = sourcecode.swift; path = ApiResponse.swift; sourceTree = "<group>"; };
		F82B12CD282B40EF00C6C772 /* Book.swift */ = {isa = PBXFileReference; lastKnownFileType = sourcecode.swift; path = Book.swift; sourceTree = "<group>"; };
		F832D034282DD42900A5981E /* UIImageView+Extensions.swift */ = {isa = PBXFileReference; lastKnownFileType = sourcecode.swift; path = "UIImageView+Extensions.swift"; sourceTree = "<group>"; };
		F832D036282DD9EF00A5981E /* UIViewController+Extensions.swift */ = {isa = PBXFileReference; lastKnownFileType = sourcecode.swift; path = "UIViewController+Extensions.swift"; sourceTree = "<group>"; };
		F832D038282DDA7900A5981E /* ManagedObjectContext.swift */ = {isa = PBXFileReference; lastKnownFileType = sourcecode.swift; path = ManagedObjectContext.swift; sourceTree = "<group>"; };
		F832D03A282DDAF800A5981E /* SimpleBook.swift */ = {isa = PBXFileReference; lastKnownFileType = sourcecode.swift; path = SimpleBook.swift; sourceTree = "<group>"; };
		F832D03C282DE15800A5981E /* BookCollectionViewCell.swift */ = {isa = PBXFileReference; lastKnownFileType = sourcecode.swift; path = BookCollectionViewCell.swift; sourceTree = "<group>"; };
		F8541407282D2DF0002C2C71 /* MultiStateViewController.swift */ = {isa = PBXFileReference; lastKnownFileType = sourcecode.swift; path = MultiStateViewController.swift; sourceTree = "<group>"; };
		F8541409282D3C71002C2C71 /* ErrorView.swift */ = {isa = PBXFileReference; lastKnownFileType = sourcecode.swift; path = ErrorView.swift; sourceTree = "<group>"; };
		F854140B282D3C7D002C2C71 /* EmptyView.swift */ = {isa = PBXFileReference; lastKnownFileType = sourcecode.swift; path = EmptyView.swift; sourceTree = "<group>"; };
		F86D463A282BC8C5002E727F /* Request.swift */ = {isa = PBXFileReference; lastKnownFileType = sourcecode.swift; path = Request.swift; sourceTree = "<group>"; };
		F86D463E282BDB5E002E727F /* BooksApiError.swift */ = {isa = PBXFileReference; lastKnownFileType = sourcecode.swift; path = BooksApiError.swift; sourceTree = "<group>"; };
		F86D4643282BDEA7002E727F /* HTTPMethod.swift */ = {isa = PBXFileReference; lastKnownFileType = sourcecode.swift; path = HTTPMethod.swift; sourceTree = "<group>"; };
		F86D4645282BDEC8002E727F /* URLRequestProtocol.swift */ = {isa = PBXFileReference; lastKnownFileType = sourcecode.swift; path = URLRequestProtocol.swift; sourceTree = "<group>"; };
		F86D4647282BE723002E727F /* Environment.swift */ = {isa = PBXFileReference; lastKnownFileType = sourcecode.swift; path = Environment.swift; sourceTree = "<group>"; };
		F86D4649282BE736002E727F /* Constants.swift */ = {isa = PBXFileReference; lastKnownFileType = sourcecode.swift; path = Constants.swift; sourceTree = "<group>"; };
		F86D464C282BECEA002E727F /* Coordinator.swift */ = {isa = PBXFileReference; lastKnownFileType = sourcecode.swift; path = Coordinator.swift; sourceTree = "<group>"; };
		F86D464E282BECF1002E727F /* AppCoordinator.swift */ = {isa = PBXFileReference; lastKnownFileType = sourcecode.swift; path = AppCoordinator.swift; sourceTree = "<group>"; };
		F86D4650282BEE75002E727F /* HomeCoordinator.swift */ = {isa = PBXFileReference; lastKnownFileType = sourcecode.swift; path = HomeCoordinator.swift; sourceTree = "<group>"; };
		F86D4652282BF292002E727F /* BookTableViewCell.swift */ = {isa = PBXFileReference; lastKnownFileType = sourcecode.swift; path = BookTableViewCell.swift; sourceTree = "<group>"; };
		F86D4654282BF37D002E727F /* UITableViewCell+Extensions.swift */ = {isa = PBXFileReference; lastKnownFileType = sourcecode.swift; path = "UITableViewCell+Extensions.swift"; sourceTree = "<group>"; };
		F86D4657282BFF34002E727F /* Colors.swift */ = {isa = PBXFileReference; lastKnownFileType = sourcecode.swift; path = Colors.swift; sourceTree = "<group>"; };
		F86D465A282C0432002E727F /* String+Extensions.swift */ = {isa = PBXFileReference; lastKnownFileType = sourcecode.swift; path = "String+Extensions.swift"; sourceTree = "<group>"; };
		F86D465C282C05F3002E727F /* HomeManagerDelegate.swift */ = {isa = PBXFileReference; lastKnownFileType = sourcecode.swift; path = HomeManagerDelegate.swift; sourceTree = "<group>"; };
		F8AAED0C282AA47200EA6342 /* InBooks.app */ = {isa = PBXFileReference; explicitFileType = wrapper.application; includeInIndex = 0; path = InBooks.app; sourceTree = BUILT_PRODUCTS_DIR; };
		F8AAED0F282AA47200EA6342 /* AppDelegate.swift */ = {isa = PBXFileReference; lastKnownFileType = sourcecode.swift; path = AppDelegate.swift; sourceTree = "<group>"; };
		F8AAED11282AA47200EA6342 /* SceneDelegate.swift */ = {isa = PBXFileReference; lastKnownFileType = sourcecode.swift; path = SceneDelegate.swift; sourceTree = "<group>"; };
		F8AAED13282AA47200EA6342 /* ViewController.swift */ = {isa = PBXFileReference; lastKnownFileType = sourcecode.swift; path = ViewController.swift; sourceTree = "<group>"; };
		F8AAED19282AA47200EA6342 /* InBooks.xcdatamodel */ = {isa = PBXFileReference; lastKnownFileType = wrapper.xcdatamodel; path = InBooks.xcdatamodel; sourceTree = "<group>"; };
		F8AAED1B282AA47400EA6342 /* Assets.xcassets */ = {isa = PBXFileReference; lastKnownFileType = folder.assetcatalog; path = Assets.xcassets; sourceTree = "<group>"; };
		F8AAED1E282AA47400EA6342 /* Base */ = {isa = PBXFileReference; lastKnownFileType = file.storyboard; name = Base; path = Base.lproj/LaunchScreen.storyboard; sourceTree = "<group>"; };
		F8AAED20282AA47400EA6342 /* Info.plist */ = {isa = PBXFileReference; lastKnownFileType = text.plist.xml; path = Info.plist; sourceTree = "<group>"; };
		F8AAED25282AA47400EA6342 /* InBooksTests.xctest */ = {isa = PBXFileReference; explicitFileType = wrapper.cfbundle; includeInIndex = 0; path = InBooksTests.xctest; sourceTree = BUILT_PRODUCTS_DIR; };
		F8AAED29282AA47400EA6342 /* InBooksTests.swift */ = {isa = PBXFileReference; lastKnownFileType = sourcecode.swift; path = InBooksTests.swift; sourceTree = "<group>"; };
		F8AAED2F282AA47400EA6342 /* InBooksUITests.xctest */ = {isa = PBXFileReference; explicitFileType = wrapper.cfbundle; includeInIndex = 0; path = InBooksUITests.xctest; sourceTree = BUILT_PRODUCTS_DIR; };
		F8AAED33282AA47400EA6342 /* InBooksUITests.swift */ = {isa = PBXFileReference; lastKnownFileType = sourcecode.swift; path = InBooksUITests.swift; sourceTree = "<group>"; };
		F8AAED35282AA47400EA6342 /* InBooksUITestsLaunchTests.swift */ = {isa = PBXFileReference; lastKnownFileType = sourcecode.swift; path = InBooksUITestsLaunchTests.swift; sourceTree = "<group>"; };
		F8BCC5E1282C6F4600E43B87 /* BookDetailsViewController.swift */ = {isa = PBXFileReference; lastKnownFileType = sourcecode.swift; path = BookDetailsViewController.swift; sourceTree = "<group>"; };
		F8BCC5E4282C721000E43B87 /* ViewStateProtocol.swift */ = {isa = PBXFileReference; lastKnownFileType = sourcecode.swift; path = ViewStateProtocol.swift; sourceTree = "<group>"; };
		F8F80A88282D5A6F00E308A3 /* BookDetailsView.swift */ = {isa = PBXFileReference; lastKnownFileType = sourcecode.swift; path = BookDetailsView.swift; sourceTree = "<group>"; };
		F8F80A8A282D5FBE00E308A3 /* BookDetailsCoordinator.swift */ = {isa = PBXFileReference; lastKnownFileType = sourcecode.swift; path = BookDetailsCoordinator.swift; sourceTree = "<group>"; };
		F8F80A8C282D614D00E308A3 /* LibraryCoordinator.swift */ = {isa = PBXFileReference; lastKnownFileType = sourcecode.swift; path = LibraryCoordinator.swift; sourceTree = "<group>"; };
		F8F80A90282D6E7800E308A3 /* TextDescriptionTableViewCell.swift */ = {isa = PBXFileReference; lastKnownFileType = sourcecode.swift; path = TextDescriptionTableViewCell.swift; sourceTree = "<group>"; };
		F8F80A92282D736300E308A3 /* TextDescriptionElement.swift */ = {isa = PBXFileReference; lastKnownFileType = sourcecode.swift; path = TextDescriptionElement.swift; sourceTree = "<group>"; };
		F8F80A94282D76E600E308A3 /* BookDetailsViewModel.swift */ = {isa = PBXFileReference; lastKnownFileType = sourcecode.swift; path = BookDetailsViewModel.swift; sourceTree = "<group>"; };
/* End PBXFileReference section */

/* Begin PBXFrameworksBuildPhase section */
		F8AAED09282AA47200EA6342 /* Frameworks */ = {
			isa = PBXFrameworksBuildPhase;
			buildActionMask = 2147483647;
			files = (
				8C2C40FC8716822E604A697F /* Pods_InBooks.framework in Frameworks */,
			);
			runOnlyForDeploymentPostprocessing = 0;
		};
		F8AAED22282AA47400EA6342 /* Frameworks */ = {
			isa = PBXFrameworksBuildPhase;
			buildActionMask = 2147483647;
			files = (
				94C7AA3BBE5BE2C9D0A0C061 /* Pods_InBooksTests.framework in Frameworks */,
			);
			runOnlyForDeploymentPostprocessing = 0;
		};
		F8AAED2C282AA47400EA6342 /* Frameworks */ = {
			isa = PBXFrameworksBuildPhase;
			buildActionMask = 2147483647;
			files = (
				FAAE743BA2948794DB2FCE06 /* Pods_InBooks_InBooksUITests.framework in Frameworks */,
			);
			runOnlyForDeploymentPostprocessing = 0;
		};
/* End PBXFrameworksBuildPhase section */

/* Begin PBXGroup section */
		267DFCBEBB9070055969FD33 /* Frameworks */ = {
			isa = PBXGroup;
			children = (
				BC384B98D47A72D65B0CBEC3 /* Pods_InBooks.framework */,
				BBEF1E9254197AACB19874F7 /* Pods_InBooks_InBooksUITests.framework */,
				7C57DDE3F4401649866ECA30 /* Pods_InBooksTests.framework */,
			);
			name = Frameworks;
			sourceTree = "<group>";
		};
		4CCFD07E08E6DCD2FA2E2EE5 /* Pods */ = {
			isa = PBXGroup;
			children = (
				0B37BDFF237116271A3D79EC /* Pods-InBooks.debug.xcconfig */,
				F75BC3DA810710954AACBF89 /* Pods-InBooks.release.xcconfig */,
				9B310E0D23AE9DAE0C08AF19 /* Pods-InBooks-InBooksUITests.debug.xcconfig */,
				F3B5ED9316472C63A61A840E /* Pods-InBooks-InBooksUITests.release.xcconfig */,
				96D77D67BAA475F2E51A439F /* Pods-InBooksTests.debug.xcconfig */,
				28579C64D79D53A092A30F7B /* Pods-InBooksTests.release.xcconfig */,
			);
			path = Pods;
			sourceTree = "<group>";
		};
		F819CFBB282AB214004D757A /* Library */ = {
			isa = PBXGroup;
			children = (
				F819CFBC282AB224004D757A /* LibraryView.swift */,
				F819CFBE282AB235004D757A /* LibraryViewController.swift */,
				F819CFC0282AB242004D757A /* LibraryViewModel.swift */,
				F8F80A8C282D614D00E308A3 /* LibraryCoordinator.swift */,
			);
			path = Library;
			sourceTree = "<group>";
		};
		F82B12C7282B3BAD00C6C772 /* Models */ = {
			isa = PBXGroup;
			children = (
				F82B12CB282B40C800C6C772 /* ApiResponse.swift */,
				F82B12CD282B40EF00C6C772 /* Book.swift */,
				F8F80A92282D736300E308A3 /* TextDescriptionElement.swift */,
				F832D03A282DDAF800A5981E /* SimpleBook.swift */,
			);
			path = Models;
			sourceTree = "<group>";
		};
		F82B12C8282B3DFE00C6C772 /* Network */ = {
			isa = PBXGroup;
			children = (
				F86D4640282BDD71002E727F /* Books */,
				F82B12CF282B459900C6C772 /* Request */,
			);
			path = Network;
			sourceTree = "<group>";
		};
		F82B12C9282B3E0300C6C772 /* Persistance */ = {
			isa = PBXGroup;
			children = (
				F832D038282DDA7900A5981E /* ManagedObjectContext.swift */,
			);
			path = Persistance;
			sourceTree = "<group>";
		};
		F82B12CA282B3FD700C6C772 /* Commons */ = {
			isa = PBXGroup;
			children = (
				F8AAED48282AAF9900EA6342 /* Extensions */,
				F86D4647282BE723002E727F /* Environment.swift */,
				F86D4649282BE736002E727F /* Constants.swift */,
			);
			path = Commons;
			sourceTree = "<group>";
		};
		F82B12CF282B459900C6C772 /* Request */ = {
			isa = PBXGroup;
			children = (
				F86D463A282BC8C5002E727F /* Request.swift */,
				F86D4643282BDEA7002E727F /* HTTPMethod.swift */,
				F86D4645282BDEC8002E727F /* URLRequestProtocol.swift */,
			);
			path = Request;
			sourceTree = "<group>";
		};
		F86D4640282BDD71002E727F /* Books */ = {
			isa = PBXGroup;
			children = (
				F82B12C3282B387500C6C772 /* BooksService.swift */,
				F86D463E282BDB5E002E727F /* BooksApiError.swift */,
			);
			path = Books;
			sourceTree = "<group>";
		};
		F86D464B282BECDF002E727F /* Coordinator */ = {
			isa = PBXGroup;
			children = (
				F86D464C282BECEA002E727F /* Coordinator.swift */,
				F86D464E282BECF1002E727F /* AppCoordinator.swift */,
			);
			path = Coordinator;
			sourceTree = "<group>";
		};
		F86D4656282BFF2B002E727F /* DesignSystem */ = {
			isa = PBXGroup;
			children = (
				F86D4657282BFF34002E727F /* Colors.swift */,
			);
			path = DesignSystem;
			sourceTree = "<group>";
		};
		F86D4659282C025B002E727F /* Cell */ = {
			isa = PBXGroup;
			children = (
				F86D4652282BF292002E727F /* BookTableViewCell.swift */,
				F832D03C282DE15800A5981E /* BookCollectionViewCell.swift */,
			);
			path = Cell;
			sourceTree = "<group>";
		};
		F8AAED03282AA47200EA6342 = {
			isa = PBXGroup;
			children = (
				F8AAED0E282AA47200EA6342 /* InBooks */,
				F8AAED28282AA47400EA6342 /* InBooksTests */,
				F8AAED32282AA47400EA6342 /* InBooksUITests */,
				F8AAED0D282AA47200EA6342 /* Products */,
				4CCFD07E08E6DCD2FA2E2EE5 /* Pods */,
				267DFCBEBB9070055969FD33 /* Frameworks */,
			);
			sourceTree = "<group>";
		};
		F8AAED0D282AA47200EA6342 /* Products */ = {
			isa = PBXGroup;
			children = (
				F8AAED0C282AA47200EA6342 /* InBooks.app */,
				F8AAED25282AA47400EA6342 /* InBooksTests.xctest */,
				F8AAED2F282AA47400EA6342 /* InBooksUITests.xctest */,
			);
			name = Products;
			sourceTree = "<group>";
		};
		F8AAED0E282AA47200EA6342 /* InBooks */ = {
			isa = PBXGroup;
			children = (
				F86D4656282BFF2B002E727F /* DesignSystem */,
				F86D464B282BECDF002E727F /* Coordinator */,
				F82B12CA282B3FD700C6C772 /* Commons */,
				F82B12C7282B3BAD00C6C772 /* Models */,
				F8AAED47282AAF9200EA6342 /* Service */,
				F8AAED46282AAF8B00EA6342 /* Components */,
				F8AAED44282AAF8100EA6342 /* Modules */,
				F8AAED43282AA89900EA6342 /* AppDelegate */,
				F8AAED42282AA72500EA6342 /* Resources */,
				F8AAED13282AA47200EA6342 /* ViewController.swift */,
				F8AAED18282AA47200EA6342 /* InBooks.xcdatamodeld */,
			);
			path = InBooks;
			sourceTree = "<group>";
		};
		F8AAED28282AA47400EA6342 /* InBooksTests */ = {
			isa = PBXGroup;
			children = (
				F8AAED29282AA47400EA6342 /* InBooksTests.swift */,
			);
			path = InBooksTests;
			sourceTree = "<group>";
		};
		F8AAED32282AA47400EA6342 /* InBooksUITests */ = {
			isa = PBXGroup;
			children = (
				F8AAED33282AA47400EA6342 /* InBooksUITests.swift */,
				F8AAED35282AA47400EA6342 /* InBooksUITestsLaunchTests.swift */,
			);
			path = InBooksUITests;
			sourceTree = "<group>";
		};
		F8AAED42282AA72500EA6342 /* Resources */ = {
			isa = PBXGroup;
			children = (
				F8AAED1B282AA47400EA6342 /* Assets.xcassets */,
				F8AAED1D282AA47400EA6342 /* LaunchScreen.storyboard */,
				F8AAED20282AA47400EA6342 /* Info.plist */,
			);
			path = Resources;
			sourceTree = "<group>";
		};
		F8AAED43282AA89900EA6342 /* AppDelegate */ = {
			isa = PBXGroup;
			children = (
				F8AAED0F282AA47200EA6342 /* AppDelegate.swift */,
				F8AAED11282AA47200EA6342 /* SceneDelegate.swift */,
			);
			path = AppDelegate;
			sourceTree = "<group>";
		};
		F8AAED44282AAF8100EA6342 /* Modules */ = {
			isa = PBXGroup;
			children = (
				F8C98F01282C6EDA004CC7E5 /* BookDetails */,
				F819CFBB282AB214004D757A /* Library */,
				F8AAED45282AAF8500EA6342 /* Home */,
			);
			path = Modules;
			sourceTree = "<group>";
		};
		F8AAED45282AAF8500EA6342 /* Home */ = {
			isa = PBXGroup;
			children = (
				F819CFB5282AB11D004D757A /* HomeViewController.swift */,
				F819CFB7282AB12A004D757A /* HomeView.swift */,
				F819CFB9282AB133004D757A /* HomeViewModel.swift */,
				F86D4650282BEE75002E727F /* HomeCoordinator.swift */,
				F86D465C282C05F3002E727F /* HomeManagerDelegate.swift */,
			);
			path = Home;
			sourceTree = "<group>";
		};
		F8AAED46282AAF8B00EA6342 /* Components */ = {
			isa = PBXGroup;
			children = (
				F8F80A8F282D6E4400E308A3 /* Form */,
				F8BCC5E3282C720500E43B87 /* ViewState */,
				F86D4659282C025B002E727F /* Cell */,
				F8F80A8E282D6E3E00E308A3 /* TabBar */,
			);
			path = Components;
			sourceTree = "<group>";
		};
		F8AAED47282AAF9200EA6342 /* Service */ = {
			isa = PBXGroup;
			children = (
				F82B12C9282B3E0300C6C772 /* Persistance */,
				F82B12C8282B3DFE00C6C772 /* Network */,
			);
			path = Service;
			sourceTree = "<group>";
		};
		F8AAED48282AAF9900EA6342 /* Extensions */ = {
			isa = PBXGroup;
			children = (
				F86D4654282BF37D002E727F /* UITableViewCell+Extensions.swift */,
				F86D465A282C0432002E727F /* String+Extensions.swift */,
				F832D034282DD42900A5981E /* UIImageView+Extensions.swift */,
				F832D036282DD9EF00A5981E /* UIViewController+Extensions.swift */,
			);
			path = Extensions;
			sourceTree = "<group>";
		};
		F8BCC5E3282C720500E43B87 /* ViewState */ = {
			isa = PBXGroup;
			children = (
				F8BCC5E4282C721000E43B87 /* ViewStateProtocol.swift */,
				F8541407282D2DF0002C2C71 /* MultiStateViewController.swift */,
				F8541409282D3C71002C2C71 /* ErrorView.swift */,
				F854140B282D3C7D002C2C71 /* EmptyView.swift */,
			);
			path = ViewState;
			sourceTree = "<group>";
		};
		F8C98F01282C6EDA004CC7E5 /* BookDetails */ = {
			isa = PBXGroup;
			children = (
				F8BCC5E1282C6F4600E43B87 /* BookDetailsViewController.swift */,
				F8F80A88282D5A6F00E308A3 /* BookDetailsView.swift */,
				F8F80A8A282D5FBE00E308A3 /* BookDetailsCoordinator.swift */,
				F8F80A94282D76E600E308A3 /* BookDetailsViewModel.swift */,
			);
			path = BookDetails;
			sourceTree = "<group>";
		};
		F8F80A8E282D6E3E00E308A3 /* TabBar */ = {
			isa = PBXGroup;
			children = (
				F819CFC2282AB2E5004D757A /* TabBarController.swift */,
			);
			path = TabBar;
			sourceTree = "<group>";
		};
		F8F80A8F282D6E4400E308A3 /* Form */ = {
			isa = PBXGroup;
			children = (
				F8F80A90282D6E7800E308A3 /* TextDescriptionTableViewCell.swift */,
			);
			path = Form;
			sourceTree = "<group>";
		};
/* End PBXGroup section */

/* Begin PBXNativeTarget section */
		F8AAED0B282AA47200EA6342 /* InBooks */ = {
			isa = PBXNativeTarget;
			buildConfigurationList = F8AAED39282AA47400EA6342 /* Build configuration list for PBXNativeTarget "InBooks" */;
			buildPhases = (
				5FE8A15DF6804DBDDA7C0A5D /* [CP] Check Pods Manifest.lock */,
				F8AAED08282AA47200EA6342 /* Sources */,
				F8AAED09282AA47200EA6342 /* Frameworks */,
				F8AAED0A282AA47200EA6342 /* Resources */,
				FD173DF6446FDD487521CC1F /* [CP] Embed Pods Frameworks */,
			);
			buildRules = (
			);
			dependencies = (
			);
			name = InBooks;
			productName = InBooks;
			productReference = F8AAED0C282AA47200EA6342 /* InBooks.app */;
			productType = "com.apple.product-type.application";
		};
		F8AAED24282AA47400EA6342 /* InBooksTests */ = {
			isa = PBXNativeTarget;
			buildConfigurationList = F8AAED3C282AA47400EA6342 /* Build configuration list for PBXNativeTarget "InBooksTests" */;
			buildPhases = (
				4A006D8976D87965B7D968D4 /* [CP] Check Pods Manifest.lock */,
				F8AAED21282AA47400EA6342 /* Sources */,
				F8AAED22282AA47400EA6342 /* Frameworks */,
				F8AAED23282AA47400EA6342 /* Resources */,
			);
			buildRules = (
			);
			dependencies = (
				F8AAED27282AA47400EA6342 /* PBXTargetDependency */,
			);
			name = InBooksTests;
			productName = InBooksTests;
			productReference = F8AAED25282AA47400EA6342 /* InBooksTests.xctest */;
			productType = "com.apple.product-type.bundle.unit-test";
		};
		F8AAED2E282AA47400EA6342 /* InBooksUITests */ = {
			isa = PBXNativeTarget;
			buildConfigurationList = F8AAED3F282AA47400EA6342 /* Build configuration list for PBXNativeTarget "InBooksUITests" */;
			buildPhases = (
				A94EFB971CE72A07BE4FFE9E /* [CP] Check Pods Manifest.lock */,
				F8AAED2B282AA47400EA6342 /* Sources */,
				F8AAED2C282AA47400EA6342 /* Frameworks */,
				F8AAED2D282AA47400EA6342 /* Resources */,
				E1809E1E8567098D83002120 /* [CP] Embed Pods Frameworks */,
			);
			buildRules = (
			);
			dependencies = (
				F8AAED31282AA47400EA6342 /* PBXTargetDependency */,
			);
			name = InBooksUITests;
			productName = InBooksUITests;
			productReference = F8AAED2F282AA47400EA6342 /* InBooksUITests.xctest */;
			productType = "com.apple.product-type.bundle.ui-testing";
		};
/* End PBXNativeTarget section */

/* Begin PBXProject section */
		F8AAED04282AA47200EA6342 /* Project object */ = {
			isa = PBXProject;
			attributes = {
				BuildIndependentTargetsInParallel = 1;
				LastSwiftUpdateCheck = 1330;
				LastUpgradeCheck = 1330;
				TargetAttributes = {
					F8AAED0B282AA47200EA6342 = {
						CreatedOnToolsVersion = 13.3.1;
					};
					F8AAED24282AA47400EA6342 = {
						CreatedOnToolsVersion = 13.3.1;
						TestTargetID = F8AAED0B282AA47200EA6342;
					};
					F8AAED2E282AA47400EA6342 = {
						CreatedOnToolsVersion = 13.3.1;
						TestTargetID = F8AAED0B282AA47200EA6342;
					};
				};
			};
			buildConfigurationList = F8AAED07282AA47200EA6342 /* Build configuration list for PBXProject "InBooks" */;
			compatibilityVersion = "Xcode 13.0";
			developmentRegion = en;
			hasScannedForEncodings = 0;
			knownRegions = (
				en,
				Base,
			);
			mainGroup = F8AAED03282AA47200EA6342;
			productRefGroup = F8AAED0D282AA47200EA6342 /* Products */;
			projectDirPath = "";
			projectRoot = "";
			targets = (
				F8AAED0B282AA47200EA6342 /* InBooks */,
				F8AAED24282AA47400EA6342 /* InBooksTests */,
				F8AAED2E282AA47400EA6342 /* InBooksUITests */,
			);
		};
/* End PBXProject section */

/* Begin PBXResourcesBuildPhase section */
		F8AAED0A282AA47200EA6342 /* Resources */ = {
			isa = PBXResourcesBuildPhase;
			buildActionMask = 2147483647;
			files = (
				F8AAED1F282AA47400EA6342 /* LaunchScreen.storyboard in Resources */,
				F8AAED1C282AA47400EA6342 /* Assets.xcassets in Resources */,
			);
			runOnlyForDeploymentPostprocessing = 0;
		};
		F8AAED23282AA47400EA6342 /* Resources */ = {
			isa = PBXResourcesBuildPhase;
			buildActionMask = 2147483647;
			files = (
			);
			runOnlyForDeploymentPostprocessing = 0;
		};
		F8AAED2D282AA47400EA6342 /* Resources */ = {
			isa = PBXResourcesBuildPhase;
			buildActionMask = 2147483647;
			files = (
			);
			runOnlyForDeploymentPostprocessing = 0;
		};
/* End PBXResourcesBuildPhase section */

/* Begin PBXShellScriptBuildPhase section */
		4A006D8976D87965B7D968D4 /* [CP] Check Pods Manifest.lock */ = {
			isa = PBXShellScriptBuildPhase;
			buildActionMask = 2147483647;
			files = (
			);
			inputFileListPaths = (
			);
			inputPaths = (
				"${PODS_PODFILE_DIR_PATH}/Podfile.lock",
				"${PODS_ROOT}/Manifest.lock",
			);
			name = "[CP] Check Pods Manifest.lock";
			outputFileListPaths = (
			);
			outputPaths = (
				"$(DERIVED_FILE_DIR)/Pods-InBooksTests-checkManifestLockResult.txt",
			);
			runOnlyForDeploymentPostprocessing = 0;
			shellPath = /bin/sh;
			shellScript = "diff \"${PODS_PODFILE_DIR_PATH}/Podfile.lock\" \"${PODS_ROOT}/Manifest.lock\" > /dev/null\nif [ $? != 0 ] ; then\n    # print error to STDERR\n    echo \"error: The sandbox is not in sync with the Podfile.lock. Run 'pod install' or update your CocoaPods installation.\" >&2\n    exit 1\nfi\n# This output is used by Xcode 'outputs' to avoid re-running this script phase.\necho \"SUCCESS\" > \"${SCRIPT_OUTPUT_FILE_0}\"\n";
			showEnvVarsInLog = 0;
		};
		5FE8A15DF6804DBDDA7C0A5D /* [CP] Check Pods Manifest.lock */ = {
			isa = PBXShellScriptBuildPhase;
			buildActionMask = 2147483647;
			files = (
			);
			inputFileListPaths = (
			);
			inputPaths = (
				"${PODS_PODFILE_DIR_PATH}/Podfile.lock",
				"${PODS_ROOT}/Manifest.lock",
			);
			name = "[CP] Check Pods Manifest.lock";
			outputFileListPaths = (
			);
			outputPaths = (
				"$(DERIVED_FILE_DIR)/Pods-InBooks-checkManifestLockResult.txt",
			);
			runOnlyForDeploymentPostprocessing = 0;
			shellPath = /bin/sh;
			shellScript = "diff \"${PODS_PODFILE_DIR_PATH}/Podfile.lock\" \"${PODS_ROOT}/Manifest.lock\" > /dev/null\nif [ $? != 0 ] ; then\n    # print error to STDERR\n    echo \"error: The sandbox is not in sync with the Podfile.lock. Run 'pod install' or update your CocoaPods installation.\" >&2\n    exit 1\nfi\n# This output is used by Xcode 'outputs' to avoid re-running this script phase.\necho \"SUCCESS\" > \"${SCRIPT_OUTPUT_FILE_0}\"\n";
			showEnvVarsInLog = 0;
		};
		A94EFB971CE72A07BE4FFE9E /* [CP] Check Pods Manifest.lock */ = {
			isa = PBXShellScriptBuildPhase;
			buildActionMask = 2147483647;
			files = (
			);
			inputFileListPaths = (
			);
			inputPaths = (
				"${PODS_PODFILE_DIR_PATH}/Podfile.lock",
				"${PODS_ROOT}/Manifest.lock",
			);
			name = "[CP] Check Pods Manifest.lock";
			outputFileListPaths = (
			);
			outputPaths = (
				"$(DERIVED_FILE_DIR)/Pods-InBooks-InBooksUITests-checkManifestLockResult.txt",
			);
			runOnlyForDeploymentPostprocessing = 0;
			shellPath = /bin/sh;
			shellScript = "diff \"${PODS_PODFILE_DIR_PATH}/Podfile.lock\" \"${PODS_ROOT}/Manifest.lock\" > /dev/null\nif [ $? != 0 ] ; then\n    # print error to STDERR\n    echo \"error: The sandbox is not in sync with the Podfile.lock. Run 'pod install' or update your CocoaPods installation.\" >&2\n    exit 1\nfi\n# This output is used by Xcode 'outputs' to avoid re-running this script phase.\necho \"SUCCESS\" > \"${SCRIPT_OUTPUT_FILE_0}\"\n";
			showEnvVarsInLog = 0;
		};
		E1809E1E8567098D83002120 /* [CP] Embed Pods Frameworks */ = {
			isa = PBXShellScriptBuildPhase;
			buildActionMask = 2147483647;
			files = (
			);
			inputFileListPaths = (
				"${PODS_ROOT}/Target Support Files/Pods-InBooks-InBooksUITests/Pods-InBooks-InBooksUITests-frameworks-${CONFIGURATION}-input-files.xcfilelist",
			);
			name = "[CP] Embed Pods Frameworks";
			outputFileListPaths = (
				"${PODS_ROOT}/Target Support Files/Pods-InBooks-InBooksUITests/Pods-InBooks-InBooksUITests-frameworks-${CONFIGURATION}-output-files.xcfilelist",
			);
			runOnlyForDeploymentPostprocessing = 0;
			shellPath = /bin/sh;
			shellScript = "\"${PODS_ROOT}/Target Support Files/Pods-InBooks-InBooksUITests/Pods-InBooks-InBooksUITests-frameworks.sh\"\n";
			showEnvVarsInLog = 0;
		};
		FD173DF6446FDD487521CC1F /* [CP] Embed Pods Frameworks */ = {
			isa = PBXShellScriptBuildPhase;
			buildActionMask = 2147483647;
			files = (
			);
			inputFileListPaths = (
				"${PODS_ROOT}/Target Support Files/Pods-InBooks/Pods-InBooks-frameworks-${CONFIGURATION}-input-files.xcfilelist",
			);
			name = "[CP] Embed Pods Frameworks";
			outputFileListPaths = (
				"${PODS_ROOT}/Target Support Files/Pods-InBooks/Pods-InBooks-frameworks-${CONFIGURATION}-output-files.xcfilelist",
			);
			runOnlyForDeploymentPostprocessing = 0;
			shellPath = /bin/sh;
			shellScript = "\"${PODS_ROOT}/Target Support Files/Pods-InBooks/Pods-InBooks-frameworks.sh\"\n";
			showEnvVarsInLog = 0;
		};
/* End PBXShellScriptBuildPhase section */

/* Begin PBXSourcesBuildPhase section */
		F8AAED08282AA47200EA6342 /* Sources */ = {
			isa = PBXSourcesBuildPhase;
			buildActionMask = 2147483647;
			files = (
				F8F80A8D282D614D00E308A3 /* LibraryCoordinator.swift in Sources */,
				F86D464F282BECF1002E727F /* AppCoordinator.swift in Sources */,
				F82B12C4282B387500C6C772 /* BooksService.swift in Sources */,
				F8F80A8B282D5FBE00E308A3 /* BookDetailsCoordinator.swift in Sources */,
				F832D039282DDA7900A5981E /* ManagedObjectContext.swift in Sources */,
				F8F80A89282D5A6F00E308A3 /* BookDetailsView.swift in Sources */,
				F86D463B282BC8C5002E727F /* Request.swift in Sources */,
				F819CFC1282AB242004D757A /* LibraryViewModel.swift in Sources */,
				F8541408282D2DF0002C2C71 /* MultiStateViewController.swift in Sources */,
				F819CFB6282AB11D004D757A /* HomeViewController.swift in Sources */,
				F82B12CC282B40C800C6C772 /* ApiResponse.swift in Sources */,
				F86D463F282BDB5E002E727F /* BooksApiError.swift in Sources */,
				F819CFC3282AB2E5004D757A /* TabBarController.swift in Sources */,
				F819CFBF282AB235004D757A /* LibraryViewController.swift in Sources */,
				F854140A282D3C71002C2C71 /* ErrorView.swift in Sources */,
				F8AAED14282AA47200EA6342 /* ViewController.swift in Sources */,
				F8F80A95282D76E600E308A3 /* BookDetailsViewModel.swift in Sources */,
				F819CFBA282AB133004D757A /* HomeViewModel.swift in Sources */,
				F86D4646282BDEC8002E727F /* URLRequestProtocol.swift in Sources */,
				F8BCC5E5282C721000E43B87 /* ViewStateProtocol.swift in Sources */,
				F82B12CE282B40EF00C6C772 /* Book.swift in Sources */,
				F86D465B282C0432002E727F /* String+Extensions.swift in Sources */,
				F8F80A91282D6E7800E308A3 /* TextDescriptionTableViewCell.swift in Sources */,
				F8AAED1A282AA47200EA6342 /* InBooks.xcdatamodeld in Sources */,
				F8F80A93282D736300E308A3 /* TextDescriptionElement.swift in Sources */,
				F832D03D282DE15800A5981E /* BookCollectionViewCell.swift in Sources */,
				F819CFBD282AB224004D757A /* LibraryView.swift in Sources */,
				F86D4655282BF37D002E727F /* UITableViewCell+Extensions.swift in Sources */,
				F832D03B282DDAF800A5981E /* SimpleBook.swift in Sources */,
				F8BCC5E2282C6F4600E43B87 /* BookDetailsViewController.swift in Sources */,
				F86D4644282BDEA7002E727F /* HTTPMethod.swift in Sources */,
				F86D4653282BF292002E727F /* BookTableViewCell.swift in Sources */,
				F86D465D282C05F3002E727F /* HomeManagerDelegate.swift in Sources */,
				F832D037282DD9EF00A5981E /* UIViewController+Extensions.swift in Sources */,
				F832D035282DD42900A5981E /* UIImageView+Extensions.swift in Sources */,
				F854140C282D3C7D002C2C71 /* EmptyView.swift in Sources */,
				F86D4651282BEE75002E727F /* HomeCoordinator.swift in Sources */,
				F86D464A282BE736002E727F /* Constants.swift in Sources */,
				F86D4648282BE723002E727F /* Environment.swift in Sources */,
				F86D4658282BFF34002E727F /* Colors.swift in Sources */,
				F819CFB8282AB12A004D757A /* HomeView.swift in Sources */,
				F8AAED10282AA47200EA6342 /* AppDelegate.swift in Sources */,
				F8AAED12282AA47200EA6342 /* SceneDelegate.swift in Sources */,
				F86D464D282BECEA002E727F /* Coordinator.swift in Sources */,
			);
			runOnlyForDeploymentPostprocessing = 0;
		};
		F8AAED21282AA47400EA6342 /* Sources */ = {
			isa = PBXSourcesBuildPhase;
			buildActionMask = 2147483647;
			files = (
				F8AAED2A282AA47400EA6342 /* InBooksTests.swift in Sources */,
			);
			runOnlyForDeploymentPostprocessing = 0;
		};
		F8AAED2B282AA47400EA6342 /* Sources */ = {
			isa = PBXSourcesBuildPhase;
			buildActionMask = 2147483647;
			files = (
				F8AAED36282AA47400EA6342 /* InBooksUITestsLaunchTests.swift in Sources */,
				F8AAED34282AA47400EA6342 /* InBooksUITests.swift in Sources */,
			);
			runOnlyForDeploymentPostprocessing = 0;
		};
/* End PBXSourcesBuildPhase section */

/* Begin PBXTargetDependency section */
		F8AAED27282AA47400EA6342 /* PBXTargetDependency */ = {
			isa = PBXTargetDependency;
			target = F8AAED0B282AA47200EA6342 /* InBooks */;
			targetProxy = F8AAED26282AA47400EA6342 /* PBXContainerItemProxy */;
		};
		F8AAED31282AA47400EA6342 /* PBXTargetDependency */ = {
			isa = PBXTargetDependency;
			target = F8AAED0B282AA47200EA6342 /* InBooks */;
			targetProxy = F8AAED30282AA47400EA6342 /* PBXContainerItemProxy */;
		};
/* End PBXTargetDependency section */

/* Begin PBXVariantGroup section */
		F8AAED1D282AA47400EA6342 /* LaunchScreen.storyboard */ = {
			isa = PBXVariantGroup;
			children = (
				F8AAED1E282AA47400EA6342 /* Base */,
			);
			name = LaunchScreen.storyboard;
			sourceTree = "<group>";
		};
/* End PBXVariantGroup section */

/* Begin XCBuildConfiguration section */
		F8AAED37282AA47400EA6342 /* Debug */ = {
			isa = XCBuildConfiguration;
			buildSettings = {
				ALWAYS_SEARCH_USER_PATHS = NO;
				CLANG_ANALYZER_NONNULL = YES;
				CLANG_ANALYZER_NUMBER_OBJECT_CONVERSION = YES_AGGRESSIVE;
				CLANG_CXX_LANGUAGE_STANDARD = "gnu++17";
				CLANG_ENABLE_MODULES = YES;
				CLANG_ENABLE_OBJC_ARC = YES;
				CLANG_ENABLE_OBJC_WEAK = YES;
				CLANG_WARN_BLOCK_CAPTURE_AUTORELEASING = YES;
				CLANG_WARN_BOOL_CONVERSION = YES;
				CLANG_WARN_COMMA = YES;
				CLANG_WARN_CONSTANT_CONVERSION = YES;
				CLANG_WARN_DEPRECATED_OBJC_IMPLEMENTATIONS = YES;
				CLANG_WARN_DIRECT_OBJC_ISA_USAGE = YES_ERROR;
				CLANG_WARN_DOCUMENTATION_COMMENTS = YES;
				CLANG_WARN_EMPTY_BODY = YES;
				CLANG_WARN_ENUM_CONVERSION = YES;
				CLANG_WARN_INFINITE_RECURSION = YES;
				CLANG_WARN_INT_CONVERSION = YES;
				CLANG_WARN_NON_LITERAL_NULL_CONVERSION = YES;
				CLANG_WARN_OBJC_IMPLICIT_RETAIN_SELF = YES;
				CLANG_WARN_OBJC_LITERAL_CONVERSION = YES;
				CLANG_WARN_OBJC_ROOT_CLASS = YES_ERROR;
				CLANG_WARN_QUOTED_INCLUDE_IN_FRAMEWORK_HEADER = YES;
				CLANG_WARN_RANGE_LOOP_ANALYSIS = YES;
				CLANG_WARN_STRICT_PROTOTYPES = YES;
				CLANG_WARN_SUSPICIOUS_MOVE = YES;
				CLANG_WARN_UNGUARDED_AVAILABILITY = YES_AGGRESSIVE;
				CLANG_WARN_UNREACHABLE_CODE = YES;
				CLANG_WARN__DUPLICATE_METHOD_MATCH = YES;
				COPY_PHASE_STRIP = NO;
				DEBUG_INFORMATION_FORMAT = dwarf;
				ENABLE_STRICT_OBJC_MSGSEND = YES;
				ENABLE_TESTABILITY = YES;
				GCC_C_LANGUAGE_STANDARD = gnu11;
				GCC_DYNAMIC_NO_PIC = NO;
				GCC_NO_COMMON_BLOCKS = YES;
				GCC_OPTIMIZATION_LEVEL = 0;
				GCC_PREPROCESSOR_DEFINITIONS = (
					"DEBUG=1",
					"$(inherited)",
				);
				GCC_WARN_64_TO_32_BIT_CONVERSION = YES;
				GCC_WARN_ABOUT_RETURN_TYPE = YES_ERROR;
				GCC_WARN_UNDECLARED_SELECTOR = YES;
				GCC_WARN_UNINITIALIZED_AUTOS = YES_AGGRESSIVE;
				GCC_WARN_UNUSED_FUNCTION = YES;
				GCC_WARN_UNUSED_VARIABLE = YES;
				IPHONEOS_DEPLOYMENT_TARGET = 15.4;
				MTL_ENABLE_DEBUG_INFO = INCLUDE_SOURCE;
				MTL_FAST_MATH = YES;
				ONLY_ACTIVE_ARCH = YES;
				SDKROOT = iphoneos;
				SWIFT_ACTIVE_COMPILATION_CONDITIONS = DEBUG;
				SWIFT_OPTIMIZATION_LEVEL = "-Onone";
			};
			name = Debug;
		};
		F8AAED38282AA47400EA6342 /* Release */ = {
			isa = XCBuildConfiguration;
			buildSettings = {
				ALWAYS_SEARCH_USER_PATHS = NO;
				CLANG_ANALYZER_NONNULL = YES;
				CLANG_ANALYZER_NUMBER_OBJECT_CONVERSION = YES_AGGRESSIVE;
				CLANG_CXX_LANGUAGE_STANDARD = "gnu++17";
				CLANG_ENABLE_MODULES = YES;
				CLANG_ENABLE_OBJC_ARC = YES;
				CLANG_ENABLE_OBJC_WEAK = YES;
				CLANG_WARN_BLOCK_CAPTURE_AUTORELEASING = YES;
				CLANG_WARN_BOOL_CONVERSION = YES;
				CLANG_WARN_COMMA = YES;
				CLANG_WARN_CONSTANT_CONVERSION = YES;
				CLANG_WARN_DEPRECATED_OBJC_IMPLEMENTATIONS = YES;
				CLANG_WARN_DIRECT_OBJC_ISA_USAGE = YES_ERROR;
				CLANG_WARN_DOCUMENTATION_COMMENTS = YES;
				CLANG_WARN_EMPTY_BODY = YES;
				CLANG_WARN_ENUM_CONVERSION = YES;
				CLANG_WARN_INFINITE_RECURSION = YES;
				CLANG_WARN_INT_CONVERSION = YES;
				CLANG_WARN_NON_LITERAL_NULL_CONVERSION = YES;
				CLANG_WARN_OBJC_IMPLICIT_RETAIN_SELF = YES;
				CLANG_WARN_OBJC_LITERAL_CONVERSION = YES;
				CLANG_WARN_OBJC_ROOT_CLASS = YES_ERROR;
				CLANG_WARN_QUOTED_INCLUDE_IN_FRAMEWORK_HEADER = YES;
				CLANG_WARN_RANGE_LOOP_ANALYSIS = YES;
				CLANG_WARN_STRICT_PROTOTYPES = YES;
				CLANG_WARN_SUSPICIOUS_MOVE = YES;
				CLANG_WARN_UNGUARDED_AVAILABILITY = YES_AGGRESSIVE;
				CLANG_WARN_UNREACHABLE_CODE = YES;
				CLANG_WARN__DUPLICATE_METHOD_MATCH = YES;
				COPY_PHASE_STRIP = NO;
				DEBUG_INFORMATION_FORMAT = "dwarf-with-dsym";
				ENABLE_NS_ASSERTIONS = NO;
				ENABLE_STRICT_OBJC_MSGSEND = YES;
				GCC_C_LANGUAGE_STANDARD = gnu11;
				GCC_NO_COMMON_BLOCKS = YES;
				GCC_WARN_64_TO_32_BIT_CONVERSION = YES;
				GCC_WARN_ABOUT_RETURN_TYPE = YES_ERROR;
				GCC_WARN_UNDECLARED_SELECTOR = YES;
				GCC_WARN_UNINITIALIZED_AUTOS = YES_AGGRESSIVE;
				GCC_WARN_UNUSED_FUNCTION = YES;
				GCC_WARN_UNUSED_VARIABLE = YES;
				IPHONEOS_DEPLOYMENT_TARGET = 15.4;
				MTL_ENABLE_DEBUG_INFO = NO;
				MTL_FAST_MATH = YES;
				SDKROOT = iphoneos;
				SWIFT_COMPILATION_MODE = wholemodule;
				SWIFT_OPTIMIZATION_LEVEL = "-O";
				VALIDATE_PRODUCT = YES;
			};
			name = Release;
		};
		F8AAED3A282AA47400EA6342 /* Debug */ = {
			isa = XCBuildConfiguration;
			baseConfigurationReference = 0B37BDFF237116271A3D79EC /* Pods-InBooks.debug.xcconfig */;
			buildSettings = {
				ASSETCATALOG_COMPILER_APPICON_NAME = AppIcon;
				ASSETCATALOG_COMPILER_GLOBAL_ACCENT_COLOR_NAME = AccentColor;
				CODE_SIGN_STYLE = Automatic;
				CURRENT_PROJECT_VERSION = 1;
				DEVELOPMENT_TEAM = 473AAT6556;
				GENERATE_INFOPLIST_FILE = YES;
				INFOPLIST_FILE = InBooks/Resources/Info.plist;
				INFOPLIST_KEY_UIApplicationSupportsIndirectInputEvents = YES;
				INFOPLIST_KEY_UILaunchStoryboardName = LaunchScreen;
				INFOPLIST_KEY_UISupportedInterfaceOrientations = UIInterfaceOrientationPortrait;
				INFOPLIST_KEY_UISupportedInterfaceOrientations_iPad = "UIInterfaceOrientationPortrait UIInterfaceOrientationPortraitUpsideDown UIInterfaceOrientationLandscapeLeft UIInterfaceOrientationLandscapeRight";
				INFOPLIST_KEY_UISupportedInterfaceOrientations_iPhone = "UIInterfaceOrientationPortrait UIInterfaceOrientationLandscapeLeft UIInterfaceOrientationLandscapeRight";
				IPHONEOS_DEPLOYMENT_TARGET = 13.0;
				LD_RUNPATH_SEARCH_PATHS = (
					"$(inherited)",
					"@executable_path/Frameworks",
				);
				MARKETING_VERSION = 1.0;
				PRODUCT_BUNDLE_IDENTIFIER = dev.matheuslenke.InBooks;
				PRODUCT_NAME = "$(TARGET_NAME)";
				SWIFT_EMIT_LOC_STRINGS = YES;
				SWIFT_VERSION = 5.0;
				TARGETED_DEVICE_FAMILY = 1;
			};
			name = Debug;
		};
		F8AAED3B282AA47400EA6342 /* Release */ = {
			isa = XCBuildConfiguration;
			baseConfigurationReference = F75BC3DA810710954AACBF89 /* Pods-InBooks.release.xcconfig */;
			buildSettings = {
				ASSETCATALOG_COMPILER_APPICON_NAME = AppIcon;
				ASSETCATALOG_COMPILER_GLOBAL_ACCENT_COLOR_NAME = AccentColor;
				CODE_SIGN_STYLE = Automatic;
				CURRENT_PROJECT_VERSION = 1;
				DEVELOPMENT_TEAM = 473AAT6556;
				GENERATE_INFOPLIST_FILE = YES;
				INFOPLIST_FILE = InBooks/Resources/Info.plist;
				INFOPLIST_KEY_UIApplicationSupportsIndirectInputEvents = YES;
				INFOPLIST_KEY_UILaunchStoryboardName = LaunchScreen;
				INFOPLIST_KEY_UISupportedInterfaceOrientations = UIInterfaceOrientationPortrait;
				INFOPLIST_KEY_UISupportedInterfaceOrientations_iPad = "UIInterfaceOrientationPortrait UIInterfaceOrientationPortraitUpsideDown UIInterfaceOrientationLandscapeLeft UIInterfaceOrientationLandscapeRight";
				INFOPLIST_KEY_UISupportedInterfaceOrientations_iPhone = "UIInterfaceOrientationPortrait UIInterfaceOrientationLandscapeLeft UIInterfaceOrientationLandscapeRight";
				IPHONEOS_DEPLOYMENT_TARGET = 13.0;
				LD_RUNPATH_SEARCH_PATHS = (
					"$(inherited)",
					"@executable_path/Frameworks",
				);
				MARKETING_VERSION = 1.0;
				PRODUCT_BUNDLE_IDENTIFIER = dev.matheuslenke.InBooks;
				PRODUCT_NAME = "$(TARGET_NAME)";
				SWIFT_EMIT_LOC_STRINGS = YES;
				SWIFT_VERSION = 5.0;
				TARGETED_DEVICE_FAMILY = 1;
			};
			name = Release;
		};
		F8AAED3D282AA47400EA6342 /* Debug */ = {
			isa = XCBuildConfiguration;
			baseConfigurationReference = 96D77D67BAA475F2E51A439F /* Pods-InBooksTests.debug.xcconfig */;
			buildSettings = {
				ALWAYS_EMBED_SWIFT_STANDARD_LIBRARIES = YES;
				BUNDLE_LOADER = "$(TEST_HOST)";
				CODE_SIGN_STYLE = Automatic;
				CURRENT_PROJECT_VERSION = 1;
				DEVELOPMENT_TEAM = 473AAT6556;
				GENERATE_INFOPLIST_FILE = YES;
				IPHONEOS_DEPLOYMENT_TARGET = 15.4;
				MARKETING_VERSION = 1.0;
				PRODUCT_BUNDLE_IDENTIFIER = dev.matheuslenke.InBooksTests;
				PRODUCT_NAME = "$(TARGET_NAME)";
				SWIFT_EMIT_LOC_STRINGS = NO;
				SWIFT_VERSION = 5.0;
				TARGETED_DEVICE_FAMILY = "1,2";
				TEST_HOST = "$(BUILT_PRODUCTS_DIR)/InBooks.app/InBooks";
			};
			name = Debug;
		};
		F8AAED3E282AA47400EA6342 /* Release */ = {
			isa = XCBuildConfiguration;
			baseConfigurationReference = 28579C64D79D53A092A30F7B /* Pods-InBooksTests.release.xcconfig */;
			buildSettings = {
				ALWAYS_EMBED_SWIFT_STANDARD_LIBRARIES = YES;
				BUNDLE_LOADER = "$(TEST_HOST)";
				CODE_SIGN_STYLE = Automatic;
				CURRENT_PROJECT_VERSION = 1;
				DEVELOPMENT_TEAM = 473AAT6556;
				GENERATE_INFOPLIST_FILE = YES;
				IPHONEOS_DEPLOYMENT_TARGET = 15.4;
				MARKETING_VERSION = 1.0;
				PRODUCT_BUNDLE_IDENTIFIER = dev.matheuslenke.InBooksTests;
				PRODUCT_NAME = "$(TARGET_NAME)";
				SWIFT_EMIT_LOC_STRINGS = NO;
				SWIFT_VERSION = 5.0;
				TARGETED_DEVICE_FAMILY = "1,2";
				TEST_HOST = "$(BUILT_PRODUCTS_DIR)/InBooks.app/InBooks";
			};
			name = Release;
		};
		F8AAED40282AA47400EA6342 /* Debug */ = {
			isa = XCBuildConfiguration;
			baseConfigurationReference = 9B310E0D23AE9DAE0C08AF19 /* Pods-InBooks-InBooksUITests.debug.xcconfig */;
			buildSettings = {
				ALWAYS_EMBED_SWIFT_STANDARD_LIBRARIES = YES;
				CODE_SIGN_STYLE = Automatic;
				CURRENT_PROJECT_VERSION = 1;
				DEVELOPMENT_TEAM = 473AAT6556;
				GENERATE_INFOPLIST_FILE = YES;
				MARKETING_VERSION = 1.0;
				PRODUCT_BUNDLE_IDENTIFIER = dev.matheuslenke.InBooksUITests;
				PRODUCT_NAME = "$(TARGET_NAME)";
				SWIFT_EMIT_LOC_STRINGS = NO;
				SWIFT_VERSION = 5.0;
				TARGETED_DEVICE_FAMILY = "1,2";
				TEST_TARGET_NAME = InBooks;
			};
			name = Debug;
		};
		F8AAED41282AA47400EA6342 /* Release */ = {
			isa = XCBuildConfiguration;
			baseConfigurationReference = F3B5ED9316472C63A61A840E /* Pods-InBooks-InBooksUITests.release.xcconfig */;
			buildSettings = {
				ALWAYS_EMBED_SWIFT_STANDARD_LIBRARIES = YES;
				CODE_SIGN_STYLE = Automatic;
				CURRENT_PROJECT_VERSION = 1;
				DEVELOPMENT_TEAM = 473AAT6556;
				GENERATE_INFOPLIST_FILE = YES;
				MARKETING_VERSION = 1.0;
				PRODUCT_BUNDLE_IDENTIFIER = dev.matheuslenke.InBooksUITests;
				PRODUCT_NAME = "$(TARGET_NAME)";
				SWIFT_EMIT_LOC_STRINGS = NO;
				SWIFT_VERSION = 5.0;
				TARGETED_DEVICE_FAMILY = "1,2";
				TEST_TARGET_NAME = InBooks;
			};
			name = Release;
		};
/* End XCBuildConfiguration section */

/* Begin XCConfigurationList section */
		F8AAED07282AA47200EA6342 /* Build configuration list for PBXProject "InBooks" */ = {
			isa = XCConfigurationList;
			buildConfigurations = (
				F8AAED37282AA47400EA6342 /* Debug */,
				F8AAED38282AA47400EA6342 /* Release */,
			);
			defaultConfigurationIsVisible = 0;
			defaultConfigurationName = Release;
		};
		F8AAED39282AA47400EA6342 /* Build configuration list for PBXNativeTarget "InBooks" */ = {
			isa = XCConfigurationList;
			buildConfigurations = (
				F8AAED3A282AA47400EA6342 /* Debug */,
				F8AAED3B282AA47400EA6342 /* Release */,
			);
			defaultConfigurationIsVisible = 0;
			defaultConfigurationName = Release;
		};
		F8AAED3C282AA47400EA6342 /* Build configuration list for PBXNativeTarget "InBooksTests" */ = {
			isa = XCConfigurationList;
			buildConfigurations = (
				F8AAED3D282AA47400EA6342 /* Debug */,
				F8AAED3E282AA47400EA6342 /* Release */,
			);
			defaultConfigurationIsVisible = 0;
			defaultConfigurationName = Release;
		};
		F8AAED3F282AA47400EA6342 /* Build configuration list for PBXNativeTarget "InBooksUITests" */ = {
			isa = XCConfigurationList;
			buildConfigurations = (
				F8AAED40282AA47400EA6342 /* Debug */,
				F8AAED41282AA47400EA6342 /* Release */,
			);
			defaultConfigurationIsVisible = 0;
			defaultConfigurationName = Release;
		};
/* End XCConfigurationList section */

/* Begin XCVersionGroup section */
		F8AAED18282AA47200EA6342 /* InBooks.xcdatamodeld */ = {
			isa = XCVersionGroup;
			children = (
				F8AAED19282AA47200EA6342 /* InBooks.xcdatamodel */,
			);
			currentVersion = F8AAED19282AA47200EA6342 /* InBooks.xcdatamodel */;
			path = InBooks.xcdatamodeld;
			sourceTree = "<group>";
			versionGroupType = wrapper.xcdatamodel;
		};
/* End XCVersionGroup section */
	};
	rootObject = F8AAED04282AA47200EA6342 /* Project object */;
}
